
Microsoft Visual Studio Solution File, Format Version 12.00
# Visual Studio Version 17
VisualStudioVersion = 17.9.34902.65
MinimumVisualStudioVersion = 10.0.40219.1
Project("{FAE04EC0-301F-11D3-BF4B-00C04F79EFBC}") = "Lc3", "Lc3\Lc3.csproj", "{DA5309A2-3ADB-484D-A114-91AF8DBC4896}"
EndProject
Global
	GlobalSection(SolutionConfigurationPlatforms) = preSolution
		Debug|Any CPU = Debug|Any CPU
		Release|Any CPU = Release|Any CPU
	EndGlobalSection
	GlobalSection(ProjectConfigurationPlatforms) = postSolution
		{DA5309A2-3ADB-484D-A114-91AF8DBC4896}.Debug|Any CPU.ActiveCfg = Debug|Any CPU
		{DA5309A2-3ADB-484D-A114-91AF8DBC4896}.Debug|Any CPU.Build.0 = Debug|Any CPU
		{DA5309A2-3ADB-484D-A114-91AF8DBC4896}.Release|Any CPU.ActiveCfg = Release|Any CPU
		{DA5309A2-3ADB-484D-A114-91AF8DBC4896}.Release|Any CPU.Build.0 = Release|Any CPU
	EndGlobalSection
	GlobalSection(SolutionProperties) = preSolution
		HideSolutionNode = FALSE
	EndGlobalSection
	GlobalSection(ExtensibilityGlobals) = postSolution
		SolutionGuid = {1BEA0C0C-1C0D-46F1-81B9-E17E63A294AF}
	EndGlobalSection
EndGlobal
